
Microsoft Visual Studio Solution File, Format Version 12.00
Project("{FAE04EC0-301F-11D3-BF4B-00C04F79EFBC}") = "CRMUNI.DOMAIN", "CRMUNI.DOMAIN\CRMUNI.DOMAIN.csproj", "{94D4C0D0-D104-4609-829D-3838D6797F57}"
EndProject
Project("{FAE04EC0-301F-11D3-BF4B-00C04F79EFBC}") = "CRMUNI.UnitTests.Domain", "CRMUNI.UnitTests.Domain\CRMUNI.UnitTests.Domain.csproj", "{D0E86E10-88D4-4AC1-9AC0-C9DF004F85AE}"
EndProject
Project("{FAE04EC0-301F-11D3-BF4B-00C04F79EFBC}") = "CRMUNI.Infra.Data", "CRMUNI.Infra.Data\CRMUNI.Infra.Data.csproj", "{531A7B67-339D-4332-A3A8-E4835BFF231F}"
EndProject
Project("{FAE04EC0-301F-11D3-BF4B-00C04F79EFBC}") = "CRMUNI.Infra.IoC", "CRMUNI.Infra.IoC\CRMUNI.Infra.IoC.csproj", "{3D25BE53-4E7E-4E6B-B22F-69AD223142C5}"
EndProject
Project("{FAE04EC0-301F-11D3-BF4B-00C04F79EFBC}") = "CRMUNI.UI.Api", "CRMUNI.UI.Api\CRMUNI.UI.Api.csproj", "{B354AD20-A0C2-4B81-9540-0B08C40F4E57}"
EndProject
Project("{2150E333-8FDC-42A3-9474-1A3956D46DE8}") = "Solution Items", "Solution Items", "{028FE89B-0374-4BC1-8B35-1F5AC27955D9}"
	ProjectSection(SolutionItems) = preProject
		compose.yaml = compose.yaml
	EndProjectSection
EndProject
Global
	GlobalSection(SolutionConfigurationPlatforms) = preSolution
		Debug|Any CPU = Debug|Any CPU
		Release|Any CPU = Release|Any CPU
	EndGlobalSection
	GlobalSection(ProjectConfigurationPlatforms) = postSolution
		{94D4C0D0-D104-4609-829D-3838D6797F57}.Debug|Any CPU.ActiveCfg = Debug|Any CPU
		{94D4C0D0-D104-4609-829D-3838D6797F57}.Debug|Any CPU.Build.0 = Debug|Any CPU
		{94D4C0D0-D104-4609-829D-3838D6797F57}.Release|Any CPU.ActiveCfg = Release|Any CPU
		{94D4C0D0-D104-4609-829D-3838D6797F57}.Release|Any CPU.Build.0 = Release|Any CPU
		{D0E86E10-88D4-4AC1-9AC0-C9DF004F85AE}.Debug|Any CPU.ActiveCfg = Debug|Any CPU
		{D0E86E10-88D4-4AC1-9AC0-C9DF004F85AE}.Debug|Any CPU.Build.0 = Debug|Any CPU
		{D0E86E10-88D4-4AC1-9AC0-C9DF004F85AE}.Release|Any CPU.ActiveCfg = Release|Any CPU
		{D0E86E10-88D4-4AC1-9AC0-C9DF004F85AE}.Release|Any CPU.Build.0 = Release|Any CPU
		{531A7B67-339D-4332-A3A8-E4835BFF231F}.Debug|Any CPU.ActiveCfg = Debug|Any CPU
		{531A7B67-339D-4332-A3A8-E4835BFF231F}.Debug|Any CPU.Build.0 = Debug|Any CPU
		{531A7B67-339D-4332-A3A8-E4835BFF231F}.Release|Any CPU.ActiveCfg = Release|Any CPU
		{531A7B67-339D-4332-A3A8-E4835BFF231F}.Release|Any CPU.Build.0 = Release|Any CPU
		{3D25BE53-4E7E-4E6B-B22F-69AD223142C5}.Debug|Any CPU.ActiveCfg = Debug|Any CPU
		{3D25BE53-4E7E-4E6B-B22F-69AD223142C5}.Debug|Any CPU.Build.0 = Debug|Any CPU
		{3D25BE53-4E7E-4E6B-B22F-69AD223142C5}.Release|Any CPU.ActiveCfg = Release|Any CPU
		{3D25BE53-4E7E-4E6B-B22F-69AD223142C5}.Release|Any CPU.Build.0 = Release|Any CPU
		{B354AD20-A0C2-4B81-9540-0B08C40F4E57}.Debug|Any CPU.ActiveCfg = Debug|Any CPU
		{B354AD20-A0C2-4B81-9540-0B08C40F4E57}.Debug|Any CPU.Build.0 = Debug|Any CPU
		{B354AD20-A0C2-4B81-9540-0B08C40F4E57}.Release|Any CPU.ActiveCfg = Release|Any CPU
		{B354AD20-A0C2-4B81-9540-0B08C40F4E57}.Release|Any CPU.Build.0 = Release|Any CPU
	EndGlobalSection
EndGlobal
